{
  "nodes": {
    "fenix": {
      "inputs": {
        "nixpkgs": [
          "polkadot",
          "nixpkgs"
        ],
        "rust-analyzer-src": "rust-analyzer-src"
      },
      "locked": {
        "lastModified": 1737959729,
        "narHash": "sha256-gw2xWck01Pj7evavkDYItQOOlfC7+KeBmfc/ASIRknc=",
        "owner": "nix-community",
        "repo": "fenix",
        "rev": "a77faba92a766d05ed815e3d88f3e0b4cb0731ff",
        "type": "github"
      },
      "original": {
        "owner": "nix-community",
        "repo": "fenix",
        "type": "github"
      }
    },
    "flake-parts": {
      "inputs": {
        "nixpkgs-lib": "nixpkgs-lib"
      },
      "locked": {
        "lastModified": 1693611461,
        "narHash": "sha256-aPODl8vAgGQ0ZYFIRisxYG5MOGSkIczvu2Cd8Gb9+1Y=",
        "owner": "hercules-ci",
        "repo": "flake-parts",
        "rev": "7f53fdb7bdc5bb237da7fefef12d099e4fd611ca",
        "type": "github"
      },
      "original": {
        "owner": "hercules-ci",
        "repo": "flake-parts",
        "type": "github"
      }
    },
    "flake-utils": {
      "inputs": {
        "systems": "systems"
      },
      "locked": {
        "lastModified": 1731533236,
        "narHash": "sha256-l0KFg5HjrsfsO/JpG+r7fRrqm12kzFHyUHqHCVpMMbI=",
        "owner": "numtide",
        "repo": "flake-utils",
        "rev": "11707dc2f618dd54ca8739b309ec4fc024de578b",
        "type": "github"
      },
      "original": {
        "id": "flake-utils",
        "type": "indirect"
      }
    },
    "nixpkgs": {
      "locked": {
        "lastModified": 1731676054,
        "narHash": "sha256-OZiZ3m8SCMfh3B6bfGC/Bm4x3qc1m2SVEAlkV6iY7Yg=",
        "owner": "NixOS",
        "repo": "nixpkgs",
        "rev": "5e4fbfb6b3de1aa2872b76d49fafc942626e2add",
        "type": "github"
      },
      "original": {
        "owner": "NixOS",
        "ref": "nixos-unstable",
        "repo": "nixpkgs",
        "type": "github"
      }
    },
    "nixpkgs-lib": {
      "locked": {
        "dir": "lib",
        "lastModified": 1693471703,
        "narHash": "sha256-0l03ZBL8P1P6z8MaSDS/MvuU8E75rVxe5eE1N6gxeTo=",
        "owner": "NixOS",
        "repo": "nixpkgs",
        "rev": "3e52e76b70d5508f3cec70b882a29199f4d1ee85",
        "type": "github"
      },
      "original": {
        "dir": "lib",
        "owner": "NixOS",
        "ref": "nixos-unstable",
        "repo": "nixpkgs",
        "type": "github"
      }
    },
    "polkadot": {
      "inputs": {
        "fenix": "fenix",
        "nixpkgs": [
          "nixpkgs"
        ],
        "systems": "systems_2",
        "zombienet": "zombienet"
      },
      "locked": {
        "lastModified": 1738503883,
        "narHash": "sha256-QaSQ+ZcpFTT8fgvT3qKWISd3E160C8HnGLxE0C4+EpI=",
        "owner": "andresilva",
        "repo": "polkadot.nix",
        "rev": "ac4e91a0c75cf422b80f06d6edcecb9bf63727e3",
        "type": "github"
      },
      "original": {
        "owner": "andresilva",
        "repo": "polkadot.nix",
        "type": "github"
      }
    },
    "process-compose": {
      "locked": {
        "lastModified": 1693927910,
        "narHash": "sha256-qPKHnWWzHS2bAi/SsFePQkGFeC2E1jklUjEidfQwYLc=",
        "owner": "Platonic-Systems",
        "repo": "process-compose-flake",
        "rev": "5494afa0b6a7bc4ccf82ef1c36fe1fcdb4217255",
        "type": "github"
      },
      "original": {
        "owner": "Platonic-Systems",
        "repo": "process-compose-flake",
        "type": "github"
      }
    },
    "root": {
      "inputs": {
        "flake-utils": "flake-utils",
        "nixpkgs": "nixpkgs",
        "polkadot": "polkadot",
        "rust-overlay": "rust-overlay"
      }
    },
    "rust-analyzer-src": {
      "flake": false,
      "locked": {
        "lastModified": 1737875522,
        "narHash": "sha256-PkT88NCsweL62NiWhpcv3wvR8DmgE6stIH6h5qemrzs=",
        "owner": "rust-lang",
        "repo": "rust-analyzer",
        "rev": "2df4ecfc74bbadf1281e13d73f8424f7b5c1514b",
        "type": "github"
      },
      "original": {
        "owner": "rust-lang",
        "ref": "nightly",
        "repo": "rust-analyzer",
        "type": "github"
      }
    },
    "rust-overlay": {
      "inputs": {
        "nixpkgs": [
          "nixpkgs"
        ]
      },
      "locked": {
        "lastModified": 1738203884,
        "narHash": "sha256-H48s0D1+p9G0XcP2ggMLQ9QVI2SfpgZsJGrkzp5EmyU=",
        "owner": "oxalica",
        "repo": "rust-overlay",
        "rev": "86a1ccaaca8ba20a8b4187aa8ca75c319aea16fa",
        "type": "github"
      },
      "original": {
        "owner": "oxalica",
        "repo": "rust-overlay",
        "type": "github"
      }
    },
    "systems": {
      "locked": {
        "lastModified": 1681028828,
        "narHash": "sha256-Vy1rq5AaRuLzOxct8nz4T6wlgyUR7zLU309k9mBC768=",
        "owner": "nix-systems",
        "repo": "default",
        "rev": "da67096a3b9bf56a91d16901293e51ba5b49a27e",
        "type": "github"
      },
      "original": {
        "owner": "nix-systems",
        "repo": "default",
        "type": "github"
      }
    },
    "systems_2": {
      "locked": {
        "lastModified": 1681028828,
        "narHash": "sha256-Vy1rq5AaRuLzOxct8nz4T6wlgyUR7zLU309k9mBC768=",
        "owner": "nix-systems",
        "repo": "default",
        "rev": "da67096a3b9bf56a91d16901293e51ba5b49a27e",
        "type": "github"
      },
      "original": {
        "owner": "nix-systems",
        "repo": "default",
        "type": "github"
      }
    },
    "zombienet": {
      "inputs": {
        "flake-parts": "flake-parts",
        "nixpkgs": [
          "polkadot",
          "nixpkgs"
        ],
        "process-compose": "process-compose"
      },
      "locked": {
        "lastModified": 1737475205,
        "narHash": "sha256-Z32CQ47K0lCL8AYN4yNKhz2S/gmigY3X8k0Szaycyxc=",
        "owner": "paritytech",
        "repo": "zombienet",
        "rev": "236781bcc1d3dac3087dace5847e0105bfc0283d",
        "type": "github"
      },
      "original": {
        "owner": "paritytech",
        "repo": "zombienet",
        "type": "github"
      }
    }
  },
  "root": "root",
  "version": 7
}
